
Microsoft Visual Studio Solution File, Format Version 12.00
# Visual Studio 15
VisualStudioVersion = 15.0.26124.0
MinimumVisualStudioVersion = 15.0.26124.0
Project("{FAE04EC0-301F-11D3-BF4B-00C04F79EFBC}") = "smo_data", "smo_data\smo_data.csproj", "{BBCE4734-AEBF-4167-B618-2AEF790E0B9C}"
EndProject
Project("{FAE04EC0-301F-11D3-BF4B-00C04F79EFBC}") = "smo_web", "smo_web\smo_web.csproj", "{7C346AA5-1173-4368-9564-B59C69B35DB1}"
EndProject
Global
	GlobalSection(SolutionConfigurationPlatforms) = preSolution
		Debug|Any CPU = Debug|Any CPU
		Debug|x64 = Debug|x64
		Debug|x86 = Debug|x86
		Release|Any CPU = Release|Any CPU
		Release|x64 = Release|x64
		Release|x86 = Release|x86
	EndGlobalSection
	GlobalSection(SolutionProperties) = preSolution
		HideSolutionNode = FALSE
	EndGlobalSection
	GlobalSection(ProjectConfigurationPlatforms) = postSolution
		{BBCE4734-AEBF-4167-B618-2AEF790E0B9C}.Debug|Any CPU.ActiveCfg = Debug|Any CPU
		{BBCE4734-AEBF-4167-B618-2AEF790E0B9C}.Debug|Any CPU.Build.0 = Debug|Any CPU
		{BBCE4734-AEBF-4167-B618-2AEF790E0B9C}.Debug|x64.ActiveCfg = Debug|Any CPU
		{BBCE4734-AEBF-4167-B618-2AEF790E0B9C}.Debug|x64.Build.0 = Debug|Any CPU
		{BBCE4734-AEBF-4167-B618-2AEF790E0B9C}.Debug|x86.ActiveCfg = Debug|Any CPU
		{BBCE4734-AEBF-4167-B618-2AEF790E0B9C}.Debug|x86.Build.0 = Debug|Any CPU
		{BBCE4734-AEBF-4167-B618-2AEF790E0B9C}.Release|Any CPU.ActiveCfg = Release|Any CPU
		{BBCE4734-AEBF-4167-B618-2AEF790E0B9C}.Release|Any CPU.Build.0 = Release|Any CPU
		{BBCE4734-AEBF-4167-B618-2AEF790E0B9C}.Release|x64.ActiveCfg = Release|Any CPU
		{BBCE4734-AEBF-4167-B618-2AEF790E0B9C}.Release|x64.Build.0 = Release|Any CPU
		{BBCE4734-AEBF-4167-B618-2AEF790E0B9C}.Release|x86.ActiveCfg = Release|Any CPU
		{BBCE4734-AEBF-4167-B618-2AEF790E0B9C}.Release|x86.Build.0 = Release|Any CPU
		{7C346AA5-1173-4368-9564-B59C69B35DB1}.Debug|Any CPU.ActiveCfg = Debug|Any CPU
		{7C346AA5-1173-4368-9564-B59C69B35DB1}.Debug|Any CPU.Build.0 = Debug|Any CPU
		{7C346AA5-1173-4368-9564-B59C69B35DB1}.Debug|x64.ActiveCfg = Debug|Any CPU
		{7C346AA5-1173-4368-9564-B59C69B35DB1}.Debug|x64.Build.0 = Debug|Any CPU
		{7C346AA5-1173-4368-9564-B59C69B35DB1}.Debug|x86.ActiveCfg = Debug|Any CPU
		{7C346AA5-1173-4368-9564-B59C69B35DB1}.Debug|x86.Build.0 = Debug|Any CPU
		{7C346AA5-1173-4368-9564-B59C69B35DB1}.Release|Any CPU.ActiveCfg = Release|Any CPU
		{7C346AA5-1173-4368-9564-B59C69B35DB1}.Release|Any CPU.Build.0 = Release|Any CPU
		{7C346AA5-1173-4368-9564-B59C69B35DB1}.Release|x64.ActiveCfg = Release|Any CPU
		{7C346AA5-1173-4368-9564-B59C69B35DB1}.Release|x64.Build.0 = Release|Any CPU
		{7C346AA5-1173-4368-9564-B59C69B35DB1}.Release|x86.ActiveCfg = Release|Any CPU
		{7C346AA5-1173-4368-9564-B59C69B35DB1}.Release|x86.Build.0 = Release|Any CPU
	EndGlobalSection
EndGlobal
